
Microsoft Visual Studio Solution File, Format Version 12.00
# Visual Studio Version 17
VisualStudioVersion = 17.0.31903.59
MinimumVisualStudioVersion = 10.0.40219.1
Project("{2150E333-8FDC-42A3-9474-1A3956D46DE8}") = "src", "src", "{D2529453-80C3-4F06-BBD0-6B58EF65EF99}"
	ProjectSection(SolutionItems) = preProject
		src\Directory.Build.props = src\Directory.Build.props
	EndProjectSection
EndProject
Project("{2150E333-8FDC-42A3-9474-1A3956D46DE8}") = "test", "test", "{850B3E2C-6172-4CF9-9E83-AD0997C57CA3}"
	ProjectSection(SolutionItems) = preProject
		test\Directory.Build.props = test\Directory.Build.props
	EndProjectSection
EndProject
Project("{9A19103F-16F7-4668-BE54-9A1E7A4F7556}") = "DSE.Open.Values", "src\DSE.Open.Values\DSE.Open.Values.csproj", "{B41B64E2-BF46-4EE3-9CE3-977DC1D8BADC}"
EndProject
Project("{9A19103F-16F7-4668-BE54-9A1E7A4F7556}") = "DSE.Open.Values.Generators", "gen\DSE.Open.Values.Generators\DSE.Open.Values.Generators.csproj", "{FDA19544-D97E-431D-A1DC-B75F43AB7137}"
EndProject
Project("{2150E333-8FDC-42A3-9474-1A3956D46DE8}") = "Solution Items", "Solution Items", "{F0C8005C-A78B-4B0C-931B-0A38C0A1FEF4}"
	ProjectSection(SolutionItems) = preProject
		.editorconfig = .editorconfig
		.gitignore = .gitignore
		Directory.Build.props = Directory.Build.props
		Directory.Packages.props = Directory.Packages.props
		global.json = global.json
		LICENSE = LICENSE
		NuGet.config = NuGet.config
		README.md = README.md
		version.json = version.json
	EndProjectSection
EndProject
Project("{9A19103F-16F7-4668-BE54-9A1E7A4F7556}") = "DSE.Open.Values.TestValues", "test\DSE.Open.Values.TestValues\DSE.Open.Values.TestValues.csproj", "{AA7B453D-0AAF-40B9-AD98-72F0868425D8}"
EndProject
Project("{9A19103F-16F7-4668-BE54-9A1E7A4F7556}") = "DSE.Open.EntityFrameworkCore", "src\DSE.Open.EntityFrameworkCore\DSE.Open.EntityFrameworkCore.csproj", "{FB8C562D-72DA-408C-A1E3-255FC023E241}"
EndProject
Project("{9A19103F-16F7-4668-BE54-9A1E7A4F7556}") = "DSE.Open.Values.Tests", "test\DSE.Open.Values.Tests\DSE.Open.Values.Tests.csproj", "{586120E6-C79E-446B-AEC0-737C966DA3DD}"
EndProject
Project("{9A19103F-16F7-4668-BE54-9A1E7A4F7556}") = "DSE.Open.EntityFrameworkCore.Tests", "test\DSE.Open.EntityFrameworkCore.Tests\DSE.Open.EntityFrameworkCore.Tests.csproj", "{3052CA9F-77CF-4531-8837-36D5FE6D3AE1}"
EndProject
Project("{9A19103F-16F7-4668-BE54-9A1E7A4F7556}") = "DSE.Open.Values.Generators.Tests", "test\DSE.Open.Values.Generators.Tests\DSE.Open.Values.Generators.Tests.csproj", "{B16D7E9C-DAB2-47A5-87FE-4D41CAFBB9DE}"
EndProject
Project("{9A19103F-16F7-4668-BE54-9A1E7A4F7556}") = "DSE.Open", "src\DSE.Open\DSE.Open.csproj", "{51852027-FC73-4ABE-9DAA-73DEAD3FD233}"
EndProject
Project("{9A19103F-16F7-4668-BE54-9A1E7A4F7556}") = "DSE.Open.Tests", "test\DSE.Open.Tests\DSE.Open.Tests.csproj", "{D0CAF2C0-5DBD-4A86-9C78-899362EC37C1}"
EndProject
Project("{9A19103F-16F7-4668-BE54-9A1E7A4F7556}") = "DSE.Open.Values.Abstractions", "src\DSE.Open.Values.Abstractions\DSE.Open.Values.Abstractions.csproj", "{A0B7B6F5-F883-40EA-BC5E-2BB7A1E8361A}"
EndProject
Project("{9A19103F-16F7-4668-BE54-9A1E7A4F7556}") = "DSE.Open.Abstractions", "src\DSE.Open.Abstractions\DSE.Open.Abstractions.csproj", "{449ED69E-30AA-4DC5-B33D-0C0597EC17A1}"
EndProject
Project("{2150E333-8FDC-42A3-9474-1A3956D46DE8}") = "gen", "gen", "{A0556478-3601-4EE6-94DA-62EC721B5A28}"
EndProject
Project("{9A19103F-16F7-4668-BE54-9A1E7A4F7556}") = "DSE.Open.Globalization", "src\DSE.Open.Globalization\DSE.Open.Globalization.csproj", "{F8D9BC7D-41AB-4897-B02B-2DE4D9013BC8}"
EndProject
Project("{9A19103F-16F7-4668-BE54-9A1E7A4F7556}") = "DSE.Open.Globalization.Tests", "test\DSE.Open.Globalization.Tests\DSE.Open.Globalization.Tests.csproj", "{DA7F5CCD-FD89-4127-8819-943DADB74B3A}"
EndProject
Project("{9A19103F-16F7-4668-BE54-9A1E7A4F7556}") = "DSE.Open.Drawing", "src\DSE.Open.Drawing\DSE.Open.Drawing.csproj", "{6FBA81AF-D433-4D01-8148-82B4B4EEB703}"
EndProject
Project("{9A19103F-16F7-4668-BE54-9A1E7A4F7556}") = "DSE.Open.Drawing.Tests", "test\DSE.Open.Drawing.Tests\DSE.Open.Drawing.Tests.csproj", "{E6D3F233-7CB8-4B1C-9260-61CDB0D4C913}"
EndProject
Project("{2150E333-8FDC-42A3-9474-1A3956D46DE8}") = "benchmarks", "benchmarks", "{213BD173-3521-4B26-9272-CF13E046B249}"
EndProject
Project("{9A19103F-16F7-4668-BE54-9A1E7A4F7556}") = "DSE.Open.Benchmarks", "benchmarks\DSE.Open.Benchmarks\DSE.Open.Benchmarks.csproj", "{A75E7820-3ADF-42E9-9E46-7BE3B2404301}"
EndProject
Project("{9A19103F-16F7-4668-BE54-9A1E7A4F7556}") = "DSE.Open.Serialization", "src\DSE.Open.Serialization\DSE.Open.Serialization.csproj", "{7F12E7DA-F504-4E46-8A45-DE35D44BEADF}"
EndProject
Project("{9A19103F-16F7-4668-BE54-9A1E7A4F7556}") = "DSE.Open.Serialization.DataTransfer", "src\DSE.Open.Serialization.DataTransfer\DSE.Open.Serialization.DataTransfer.csproj", "{A97BE4B0-BCE6-446F-AF6B-65156A1320B4}"
EndProject
Project("{9A19103F-16F7-4668-BE54-9A1E7A4F7556}") = "DSE.Open.Serialization.DataTransfer.Tests", "test\DSE.Open.Serialization.DataTransfer.Tests\DSE.Open.Serialization.DataTransfer.Tests.csproj", "{FFD42339-72A9-4B20-A0BF-40D0E1ABB34A}"
EndProject
Project("{9A19103F-16F7-4668-BE54-9A1E7A4F7556}") = "DSE.Open.Serialization.Tests", "test\DSE.Open.Serialization.Tests\DSE.Open.Serialization.Tests.csproj", "{7555AAAA-DC3D-4AED-A2AF-477102403E52}"
EndProject
Project("{9A19103F-16F7-4668-BE54-9A1E7A4F7556}") = "DSE.Open.Diagnostics.HealthChecks", "src\DSE.Open.Diagnostics.HealthChecks\DSE.Open.Diagnostics.HealthChecks.csproj", "{721E4250-A2ED-416C-BA4B-6E084192D684}"
EndProject
Project("{9A19103F-16F7-4668-BE54-9A1E7A4F7556}") = "DSE.Open.EntityFrameworkCore.Relational", "src\DSE.Open.EntityFrameworkCore.Relational\DSE.Open.EntityFrameworkCore.Relational.csproj", "{69F69015-86CF-42FE-B08B-ADE98E53CF74}"
EndProject
Project("{9A19103F-16F7-4668-BE54-9A1E7A4F7556}") = "DSE.Open.Testing", "src\DSE.Open.Testing\DSE.Open.Testing.csproj", "{35D6D30E-EE39-4322-A8A5-20A1569937C3}"
EndProject
Project("{9A19103F-16F7-4668-BE54-9A1E7A4F7556}") = "DSE.Open.Testing.Xunit", "src\DSE.Open.Testing.Xunit\DSE.Open.Testing.Xunit.csproj", "{F8BA840C-A58D-4631-9AB8-00E33610AFC9}"
EndProject
Project("{9A19103F-16F7-4668-BE54-9A1E7A4F7556}") = "DSE.Open.Mediators", "src\DSE.Open.Mediators\DSE.Open.Mediators.csproj", "{B4450416-C69C-439F-8927-052AC0E7521E}"
EndProject
Project("{9A19103F-16F7-4668-BE54-9A1E7A4F7556}") = "DSE.Open.Mediators.Tests", "test\DSE.Open.Mediators.Tests\DSE.Open.Mediators.Tests.csproj", "{2E4C81A1-0A19-4BE4-A90B-32B870D381E1}"
EndProject
Project("{9A19103F-16F7-4668-BE54-9A1E7A4F7556}") = "DSE.Open.Notifications", "src\DSE.Open.Notifications\DSE.Open.Notifications.csproj", "{52651B80-5317-47F3-BA23-6F8153D66D62}"
EndProject
Project("{9A19103F-16F7-4668-BE54-9A1E7A4F7556}") = "DSE.Open.Notifications.Tests", "test\DSE.Open.Notifications.Tests\DSE.Open.Notifications.Tests.csproj", "{E7835FD2-BFD0-432B-A1A7-9AECA1BA89B1}"
EndProject
Project("{9A19103F-16F7-4668-BE54-9A1E7A4F7556}") = "DSE.Open.Data", "src\DSE.Open.Data\DSE.Open.Data.csproj", "{8660E364-DD1E-4ACE-9846-54BA8AF73670}"
EndProject
Project("{9A19103F-16F7-4668-BE54-9A1E7A4F7556}") = "DSE.Open.Data.SqlClient", "src\DSE.Open.Data.SqlClient\DSE.Open.Data.SqlClient.csproj", "{B17F73F8-472B-4383-B069-C2301BF0D8BB}"
EndProject
Project("{9A19103F-16F7-4668-BE54-9A1E7A4F7556}") = "DSE.Open.Web", "src\DSE.Open.Web\DSE.Open.Web.csproj", "{48D27032-D255-4B21-8040-4E442E4A93A9}"
EndProject
Project("{9A19103F-16F7-4668-BE54-9A1E7A4F7556}") = "DSE.Open.Web.Tests", "test\DSE.Open.Web.Tests\DSE.Open.Web.Tests.csproj", "{D321AE63-541D-43B7-A963-DC123CA25E3D}"
EndProject
Project("{9A19103F-16F7-4668-BE54-9A1E7A4F7556}") = "DSE.Open.DomainModel.Abstractions", "src\DSE.Open.DomainModel.Abstractions\DSE.Open.DomainModel.Abstractions.csproj", "{071C11E1-E66B-490F-A4C4-B4BC5D05A62F}"
EndProject
Project("{9A19103F-16F7-4668-BE54-9A1E7A4F7556}") = "DSE.Open.DomainModel", "src\DSE.Open.DomainModel\DSE.Open.DomainModel.csproj", "{29919E0D-1619-4EE1-AC4F-3DC574FCFA86}"
EndProject
Project("{9A19103F-16F7-4668-BE54-9A1E7A4F7556}") = "DSE.Open.Events.Abstractions", "src\DSE.Open.Events.Abstractions\DSE.Open.Events.Abstractions.csproj", "{6D3FBD63-A381-445B-A269-043A45AB4861}"
EndProject
Project("{9A19103F-16F7-4668-BE54-9A1E7A4F7556}") = "DSE.Open.DomainModel.Tests", "test\DSE.Open.DomainModel.Tests\DSE.Open.DomainModel.Tests.csproj", "{7E0AFC34-50A9-4742-8785-3E53F9C18277}"
EndProject
Project("{9A19103F-16F7-4668-BE54-9A1E7A4F7556}") = "DSE.Open.EntityFrameworkCore.Relational.Tests", "test\DSE.Open.EntityFrameworkCore.Relational.Tests\DSE.Open.EntityFrameworkCore.Relational.Tests.csproj", "{967B2BB6-2820-4BDF-A3B1-4F184AD6B110}"
EndProject
Project("{9A19103F-16F7-4668-BE54-9A1E7A4F7556}") = "DSE.Open.Testing.Xunit.EntityFrameworkCore", "src\DSE.Open.Testing.Xunit.EntityFrameworkCore\DSE.Open.Testing.Xunit.EntityFrameworkCore.csproj", "{36F06F65-47FE-4FDE-BC48-204C89875057}"
EndProject
Project("{9A19103F-16F7-4668-BE54-9A1E7A4F7556}") = "DSE.Open.EntityFrameworkCore.SqlServer", "src\DSE.Open.EntityFrameworkCore.SqlServer\DSE.Open.EntityFrameworkCore.SqlServer.csproj", "{2E1553AC-E305-4894-8B73-C6B3D3D25570}"
EndProject
Project("{9A19103F-16F7-4668-BE54-9A1E7A4F7556}") = "DSE.Open.EntityFrameworkCore.Sqlite", "src\DSE.Open.EntityFrameworkCore.Sqlite\DSE.Open.EntityFrameworkCore.Sqlite.csproj", "{5EDC5C2F-4C0D-4B0E-8C25-31DACA651BAC}"
EndProject
Project("{9A19103F-16F7-4668-BE54-9A1E7A4F7556}") = "DSE.Open.Retries", "src\DSE.Open.Retries\DSE.Open.Retries.csproj", "{48947C5F-A290-466D-AA5D-BB6EFD1DDD91}"
EndProject
Project("{9A19103F-16F7-4668-BE54-9A1E7A4F7556}") = "DSE.Open.Speech.Abstractions", "src\DSE.Open.Speech.Abstractions\DSE.Open.Speech.Abstractions.csproj", "{66770942-1657-4BA3-A7F9-44190715C229}"
EndProject
Project("{9A19103F-16F7-4668-BE54-9A1E7A4F7556}") = "DSE.Open.Speech.Abstractions.Tests", "test\DSE.Open.Speech.Abstractions.Tests\DSE.Open.Speech.Abstractions.Tests.csproj", "{BB275793-3278-4B49-AEEA-1CBD0C60B99F}"
EndProject
Project("{9A19103F-16F7-4668-BE54-9A1E7A4F7556}") = "DSE.Open.Observations.Abstractions", "src\DSE.Open.Observations.Abstractions\DSE.Open.Observations.Abstractions.csproj", "{B2574566-3F20-470D-AEE7-AD1CFBFDA239}"
EndProject
Project("{9A19103F-16F7-4668-BE54-9A1E7A4F7556}") = "DSE.Open.Observations.Abstractions.Tests", "test\DSE.Open.Observations.Abstractions.Tests\DSE.Open.Observations.Abstractions.Tests.csproj", "{4F8918BB-0943-4B37-9022-DC36A7E4AA60}"
EndProject
Project("{9A19103F-16F7-4668-BE54-9A1E7A4F7556}") = "DSE.Open.Records.Abstractions", "src\DSE.Open.Records.Abstractions\DSE.Open.Records.Abstractions.csproj", "{ED714AF8-254E-4B5B-9611-B97B88F8CF04}"
EndProject
Project("{9A19103F-16F7-4668-BE54-9A1E7A4F7556}") = "DSE.Open.Records.Abstractions.Tests", "test\DSE.Open.Records.Abstractions.Tests\DSE.Open.Records.Abstractions.Tests.csproj", "{DE0E2090-FEF3-4A2C-AEE5-C04C1C0AF94C}"
EndProject
Project("{9A19103F-16F7-4668-BE54-9A1E7A4F7556}") = "DSE.Open.Labels", "src\DSE.Open.Labels\DSE.Open.Labels.csproj", "{7DDAFF67-5ED7-4602-A706-FC0C470FE2AC}"
EndProject
Project("{9A19103F-16F7-4668-BE54-9A1E7A4F7556}") = "DSE.Open.Language.Abstractions", "src\DSE.Open.Language.Abstractions\DSE.Open.Language.Abstractions.csproj", "{0763F70E-56D7-461E-AD8E-BF046BD9F474}"
EndProject
Project("{9A19103F-16F7-4668-BE54-9A1E7A4F7556}") = "DSE.Open.Language.Abstractions.Tests", "test\DSE.Open.Language.Abstractions.Tests\DSE.Open.Language.Abstractions.Tests.csproj", "{9404DD4E-72A6-4D98-A037-6DFCF2D3EA1F}"
EndProject
Project("{9A19103F-16F7-4668-BE54-9A1E7A4F7556}") = "DSE.Open.Labels.Tests", "test\DSE.Open.Labels.Tests\DSE.Open.Labels.Tests.csproj", "{AA5FFD2D-9D6A-48B1-B5BD-A85511A4A7D7}"
EndProject
Project("{9A19103F-16F7-4668-BE54-9A1E7A4F7556}") = "DSE.Open.Results", "src\DSE.Open.Results\DSE.Open.Results.csproj", "{7DB866DF-E40E-4068-957B-211E01E1BE7C}"
EndProject
Project("{9A19103F-16F7-4668-BE54-9A1E7A4F7556}") = "DSE.Open.Sessions", "src\DSE.Open.Sessions\DSE.Open.Sessions.csproj", "{39EB581D-B335-4C27-8BFC-63638BF8288C}"
EndProject
Project("{9A19103F-16F7-4668-BE54-9A1E7A4F7556}") = "DSE.Open.Results.Tests", "test\DSE.Open.Results.Tests\DSE.Open.Results.Tests.csproj", "{CCB96F90-0D5F-4D64-A48D-44DED77039A6}"
EndProject
Project("{9A19103F-16F7-4668-BE54-9A1E7A4F7556}") = "DSE.Open.Sessions.Tests", "test\DSE.Open.Sessions.Tests\DSE.Open.Sessions.Tests.csproj", "{E198B243-7FFC-4A48-AE5F-FC3AEAC7A04B}"
EndProject
Project("{9A19103F-16F7-4668-BE54-9A1E7A4F7556}") = "DSE.Open.Requests", "src\DSE.Open.Requests\DSE.Open.Requests.csproj", "{F30E5392-11C6-4F93-9AC6-F1D01F16EA2E}"
EndProject
Project("{9A19103F-16F7-4668-BE54-9A1E7A4F7556}") = "DSE.Open.Requests.Tests", "test\DSE.Open.Requests.Tests\DSE.Open.Requests.Tests.csproj", "{2224BB3C-6074-4029-93DB-0A0955DC2BCB}"
EndProject
Project("{9A19103F-16F7-4668-BE54-9A1E7A4F7556}") = "DSE.Open.Api.Metadata", "src\DSE.Open.Api.Metadata\DSE.Open.Api.Metadata.csproj", "{90D8E3D8-989F-446A-A6B9-57ED16645EF8}"
EndProject
Project("{FAE04EC0-301F-11D3-BF4B-00C04F79EFBC}") = "DSE.Open.Api.Metadata.Tests", "test\DSE.Open.Api.Metadata.Tests\DSE.Open.Api.Metadata.Tests.csproj", "{BDA19890-FA28-4E2B-8F2D-8BF181A28EAB}"
EndProject
Global
	GlobalSection(SolutionConfigurationPlatforms) = preSolution
		Debug|Any CPU = Debug|Any CPU
		Release|Any CPU = Release|Any CPU
	EndGlobalSection
	GlobalSection(ProjectConfigurationPlatforms) = postSolution
		{B41B64E2-BF46-4EE3-9CE3-977DC1D8BADC}.Debug|Any CPU.ActiveCfg = Debug|Any CPU
		{B41B64E2-BF46-4EE3-9CE3-977DC1D8BADC}.Debug|Any CPU.Build.0 = Debug|Any CPU
		{B41B64E2-BF46-4EE3-9CE3-977DC1D8BADC}.Release|Any CPU.ActiveCfg = Release|Any CPU
		{B41B64E2-BF46-4EE3-9CE3-977DC1D8BADC}.Release|Any CPU.Build.0 = Release|Any CPU
		{FDA19544-D97E-431D-A1DC-B75F43AB7137}.Debug|Any CPU.ActiveCfg = Debug|Any CPU
		{FDA19544-D97E-431D-A1DC-B75F43AB7137}.Debug|Any CPU.Build.0 = Debug|Any CPU
		{FDA19544-D97E-431D-A1DC-B75F43AB7137}.Release|Any CPU.ActiveCfg = Release|Any CPU
		{FDA19544-D97E-431D-A1DC-B75F43AB7137}.Release|Any CPU.Build.0 = Release|Any CPU
		{AA7B453D-0AAF-40B9-AD98-72F0868425D8}.Debug|Any CPU.ActiveCfg = Debug|Any CPU
		{AA7B453D-0AAF-40B9-AD98-72F0868425D8}.Debug|Any CPU.Build.0 = Debug|Any CPU
		{AA7B453D-0AAF-40B9-AD98-72F0868425D8}.Release|Any CPU.ActiveCfg = Release|Any CPU
		{AA7B453D-0AAF-40B9-AD98-72F0868425D8}.Release|Any CPU.Build.0 = Release|Any CPU
		{FB8C562D-72DA-408C-A1E3-255FC023E241}.Debug|Any CPU.ActiveCfg = Debug|Any CPU
		{FB8C562D-72DA-408C-A1E3-255FC023E241}.Debug|Any CPU.Build.0 = Debug|Any CPU
		{FB8C562D-72DA-408C-A1E3-255FC023E241}.Release|Any CPU.ActiveCfg = Release|Any CPU
		{FB8C562D-72DA-408C-A1E3-255FC023E241}.Release|Any CPU.Build.0 = Release|Any CPU
		{586120E6-C79E-446B-AEC0-737C966DA3DD}.Debug|Any CPU.ActiveCfg = Debug|Any CPU
		{586120E6-C79E-446B-AEC0-737C966DA3DD}.Debug|Any CPU.Build.0 = Debug|Any CPU
		{586120E6-C79E-446B-AEC0-737C966DA3DD}.Release|Any CPU.ActiveCfg = Release|Any CPU
		{586120E6-C79E-446B-AEC0-737C966DA3DD}.Release|Any CPU.Build.0 = Release|Any CPU
		{3052CA9F-77CF-4531-8837-36D5FE6D3AE1}.Debug|Any CPU.ActiveCfg = Debug|Any CPU
		{3052CA9F-77CF-4531-8837-36D5FE6D3AE1}.Debug|Any CPU.Build.0 = Debug|Any CPU
		{3052CA9F-77CF-4531-8837-36D5FE6D3AE1}.Release|Any CPU.ActiveCfg = Release|Any CPU
		{3052CA9F-77CF-4531-8837-36D5FE6D3AE1}.Release|Any CPU.Build.0 = Release|Any CPU
		{B16D7E9C-DAB2-47A5-87FE-4D41CAFBB9DE}.Debug|Any CPU.ActiveCfg = Debug|Any CPU
		{B16D7E9C-DAB2-47A5-87FE-4D41CAFBB9DE}.Debug|Any CPU.Build.0 = Debug|Any CPU
		{B16D7E9C-DAB2-47A5-87FE-4D41CAFBB9DE}.Release|Any CPU.ActiveCfg = Release|Any CPU
		{B16D7E9C-DAB2-47A5-87FE-4D41CAFBB9DE}.Release|Any CPU.Build.0 = Release|Any CPU
		{51852027-FC73-4ABE-9DAA-73DEAD3FD233}.Debug|Any CPU.ActiveCfg = Debug|Any CPU
		{51852027-FC73-4ABE-9DAA-73DEAD3FD233}.Debug|Any CPU.Build.0 = Debug|Any CPU
		{51852027-FC73-4ABE-9DAA-73DEAD3FD233}.Release|Any CPU.ActiveCfg = Release|Any CPU
		{51852027-FC73-4ABE-9DAA-73DEAD3FD233}.Release|Any CPU.Build.0 = Release|Any CPU
		{D0CAF2C0-5DBD-4A86-9C78-899362EC37C1}.Debug|Any CPU.ActiveCfg = Debug|Any CPU
		{D0CAF2C0-5DBD-4A86-9C78-899362EC37C1}.Debug|Any CPU.Build.0 = Debug|Any CPU
		{D0CAF2C0-5DBD-4A86-9C78-899362EC37C1}.Release|Any CPU.ActiveCfg = Release|Any CPU
		{D0CAF2C0-5DBD-4A86-9C78-899362EC37C1}.Release|Any CPU.Build.0 = Release|Any CPU
		{A0B7B6F5-F883-40EA-BC5E-2BB7A1E8361A}.Debug|Any CPU.ActiveCfg = Debug|Any CPU
		{A0B7B6F5-F883-40EA-BC5E-2BB7A1E8361A}.Debug|Any CPU.Build.0 = Debug|Any CPU
		{A0B7B6F5-F883-40EA-BC5E-2BB7A1E8361A}.Release|Any CPU.ActiveCfg = Release|Any CPU
		{A0B7B6F5-F883-40EA-BC5E-2BB7A1E8361A}.Release|Any CPU.Build.0 = Release|Any CPU
		{449ED69E-30AA-4DC5-B33D-0C0597EC17A1}.Debug|Any CPU.ActiveCfg = Debug|Any CPU
		{449ED69E-30AA-4DC5-B33D-0C0597EC17A1}.Debug|Any CPU.Build.0 = Debug|Any CPU
		{449ED69E-30AA-4DC5-B33D-0C0597EC17A1}.Release|Any CPU.ActiveCfg = Release|Any CPU
		{449ED69E-30AA-4DC5-B33D-0C0597EC17A1}.Release|Any CPU.Build.0 = Release|Any CPU
		{F8D9BC7D-41AB-4897-B02B-2DE4D9013BC8}.Debug|Any CPU.ActiveCfg = Debug|Any CPU
		{F8D9BC7D-41AB-4897-B02B-2DE4D9013BC8}.Debug|Any CPU.Build.0 = Debug|Any CPU
		{F8D9BC7D-41AB-4897-B02B-2DE4D9013BC8}.Release|Any CPU.ActiveCfg = Release|Any CPU
		{F8D9BC7D-41AB-4897-B02B-2DE4D9013BC8}.Release|Any CPU.Build.0 = Release|Any CPU
		{DA7F5CCD-FD89-4127-8819-943DADB74B3A}.Debug|Any CPU.ActiveCfg = Debug|Any CPU
		{DA7F5CCD-FD89-4127-8819-943DADB74B3A}.Debug|Any CPU.Build.0 = Debug|Any CPU
		{DA7F5CCD-FD89-4127-8819-943DADB74B3A}.Release|Any CPU.ActiveCfg = Release|Any CPU
		{DA7F5CCD-FD89-4127-8819-943DADB74B3A}.Release|Any CPU.Build.0 = Release|Any CPU
		{6FBA81AF-D433-4D01-8148-82B4B4EEB703}.Debug|Any CPU.ActiveCfg = Debug|Any CPU
		{6FBA81AF-D433-4D01-8148-82B4B4EEB703}.Debug|Any CPU.Build.0 = Debug|Any CPU
		{6FBA81AF-D433-4D01-8148-82B4B4EEB703}.Release|Any CPU.ActiveCfg = Release|Any CPU
		{6FBA81AF-D433-4D01-8148-82B4B4EEB703}.Release|Any CPU.Build.0 = Release|Any CPU
		{E6D3F233-7CB8-4B1C-9260-61CDB0D4C913}.Debug|Any CPU.ActiveCfg = Debug|Any CPU
		{E6D3F233-7CB8-4B1C-9260-61CDB0D4C913}.Debug|Any CPU.Build.0 = Debug|Any CPU
		{E6D3F233-7CB8-4B1C-9260-61CDB0D4C913}.Release|Any CPU.ActiveCfg = Release|Any CPU
		{E6D3F233-7CB8-4B1C-9260-61CDB0D4C913}.Release|Any CPU.Build.0 = Release|Any CPU
		{A75E7820-3ADF-42E9-9E46-7BE3B2404301}.Debug|Any CPU.ActiveCfg = Debug|Any CPU
		{A75E7820-3ADF-42E9-9E46-7BE3B2404301}.Debug|Any CPU.Build.0 = Debug|Any CPU
		{A75E7820-3ADF-42E9-9E46-7BE3B2404301}.Release|Any CPU.ActiveCfg = Release|Any CPU
		{A75E7820-3ADF-42E9-9E46-7BE3B2404301}.Release|Any CPU.Build.0 = Release|Any CPU
		{7F12E7DA-F504-4E46-8A45-DE35D44BEADF}.Debug|Any CPU.ActiveCfg = Debug|Any CPU
		{7F12E7DA-F504-4E46-8A45-DE35D44BEADF}.Debug|Any CPU.Build.0 = Debug|Any CPU
		{7F12E7DA-F504-4E46-8A45-DE35D44BEADF}.Release|Any CPU.ActiveCfg = Release|Any CPU
		{7F12E7DA-F504-4E46-8A45-DE35D44BEADF}.Release|Any CPU.Build.0 = Release|Any CPU
		{A97BE4B0-BCE6-446F-AF6B-65156A1320B4}.Debug|Any CPU.ActiveCfg = Debug|Any CPU
		{A97BE4B0-BCE6-446F-AF6B-65156A1320B4}.Debug|Any CPU.Build.0 = Debug|Any CPU
		{A97BE4B0-BCE6-446F-AF6B-65156A1320B4}.Release|Any CPU.ActiveCfg = Release|Any CPU
		{A97BE4B0-BCE6-446F-AF6B-65156A1320B4}.Release|Any CPU.Build.0 = Release|Any CPU
		{FFD42339-72A9-4B20-A0BF-40D0E1ABB34A}.Debug|Any CPU.ActiveCfg = Debug|Any CPU
		{FFD42339-72A9-4B20-A0BF-40D0E1ABB34A}.Debug|Any CPU.Build.0 = Debug|Any CPU
		{FFD42339-72A9-4B20-A0BF-40D0E1ABB34A}.Release|Any CPU.ActiveCfg = Release|Any CPU
		{FFD42339-72A9-4B20-A0BF-40D0E1ABB34A}.Release|Any CPU.Build.0 = Release|Any CPU
		{7555AAAA-DC3D-4AED-A2AF-477102403E52}.Debug|Any CPU.ActiveCfg = Debug|Any CPU
		{7555AAAA-DC3D-4AED-A2AF-477102403E52}.Debug|Any CPU.Build.0 = Debug|Any CPU
		{7555AAAA-DC3D-4AED-A2AF-477102403E52}.Release|Any CPU.ActiveCfg = Release|Any CPU
		{7555AAAA-DC3D-4AED-A2AF-477102403E52}.Release|Any CPU.Build.0 = Release|Any CPU
		{721E4250-A2ED-416C-BA4B-6E084192D684}.Debug|Any CPU.ActiveCfg = Debug|Any CPU
		{721E4250-A2ED-416C-BA4B-6E084192D684}.Debug|Any CPU.Build.0 = Debug|Any CPU
		{721E4250-A2ED-416C-BA4B-6E084192D684}.Release|Any CPU.ActiveCfg = Release|Any CPU
		{721E4250-A2ED-416C-BA4B-6E084192D684}.Release|Any CPU.Build.0 = Release|Any CPU
		{69F69015-86CF-42FE-B08B-ADE98E53CF74}.Debug|Any CPU.ActiveCfg = Debug|Any CPU
		{69F69015-86CF-42FE-B08B-ADE98E53CF74}.Debug|Any CPU.Build.0 = Debug|Any CPU
		{69F69015-86CF-42FE-B08B-ADE98E53CF74}.Release|Any CPU.ActiveCfg = Release|Any CPU
		{69F69015-86CF-42FE-B08B-ADE98E53CF74}.Release|Any CPU.Build.0 = Release|Any CPU
		{35D6D30E-EE39-4322-A8A5-20A1569937C3}.Debug|Any CPU.ActiveCfg = Debug|Any CPU
		{35D6D30E-EE39-4322-A8A5-20A1569937C3}.Debug|Any CPU.Build.0 = Debug|Any CPU
		{35D6D30E-EE39-4322-A8A5-20A1569937C3}.Release|Any CPU.ActiveCfg = Release|Any CPU
		{35D6D30E-EE39-4322-A8A5-20A1569937C3}.Release|Any CPU.Build.0 = Release|Any CPU
		{F8BA840C-A58D-4631-9AB8-00E33610AFC9}.Debug|Any CPU.ActiveCfg = Debug|Any CPU
		{F8BA840C-A58D-4631-9AB8-00E33610AFC9}.Debug|Any CPU.Build.0 = Debug|Any CPU
		{F8BA840C-A58D-4631-9AB8-00E33610AFC9}.Release|Any CPU.ActiveCfg = Release|Any CPU
		{F8BA840C-A58D-4631-9AB8-00E33610AFC9}.Release|Any CPU.Build.0 = Release|Any CPU
		{B4450416-C69C-439F-8927-052AC0E7521E}.Debug|Any CPU.ActiveCfg = Debug|Any CPU
		{B4450416-C69C-439F-8927-052AC0E7521E}.Debug|Any CPU.Build.0 = Debug|Any CPU
		{B4450416-C69C-439F-8927-052AC0E7521E}.Release|Any CPU.ActiveCfg = Release|Any CPU
		{B4450416-C69C-439F-8927-052AC0E7521E}.Release|Any CPU.Build.0 = Release|Any CPU
		{2E4C81A1-0A19-4BE4-A90B-32B870D381E1}.Debug|Any CPU.ActiveCfg = Debug|Any CPU
		{2E4C81A1-0A19-4BE4-A90B-32B870D381E1}.Debug|Any CPU.Build.0 = Debug|Any CPU
		{2E4C81A1-0A19-4BE4-A90B-32B870D381E1}.Release|Any CPU.ActiveCfg = Release|Any CPU
		{2E4C81A1-0A19-4BE4-A90B-32B870D381E1}.Release|Any CPU.Build.0 = Release|Any CPU
		{52651B80-5317-47F3-BA23-6F8153D66D62}.Debug|Any CPU.ActiveCfg = Debug|Any CPU
		{52651B80-5317-47F3-BA23-6F8153D66D62}.Debug|Any CPU.Build.0 = Debug|Any CPU
		{52651B80-5317-47F3-BA23-6F8153D66D62}.Release|Any CPU.ActiveCfg = Release|Any CPU
		{52651B80-5317-47F3-BA23-6F8153D66D62}.Release|Any CPU.Build.0 = Release|Any CPU
		{E7835FD2-BFD0-432B-A1A7-9AECA1BA89B1}.Debug|Any CPU.ActiveCfg = Debug|Any CPU
		{E7835FD2-BFD0-432B-A1A7-9AECA1BA89B1}.Debug|Any CPU.Build.0 = Debug|Any CPU
		{E7835FD2-BFD0-432B-A1A7-9AECA1BA89B1}.Release|Any CPU.ActiveCfg = Release|Any CPU
		{E7835FD2-BFD0-432B-A1A7-9AECA1BA89B1}.Release|Any CPU.Build.0 = Release|Any CPU
		{8660E364-DD1E-4ACE-9846-54BA8AF73670}.Debug|Any CPU.ActiveCfg = Debug|Any CPU
		{8660E364-DD1E-4ACE-9846-54BA8AF73670}.Debug|Any CPU.Build.0 = Debug|Any CPU
		{8660E364-DD1E-4ACE-9846-54BA8AF73670}.Release|Any CPU.ActiveCfg = Release|Any CPU
		{8660E364-DD1E-4ACE-9846-54BA8AF73670}.Release|Any CPU.Build.0 = Release|Any CPU
		{B17F73F8-472B-4383-B069-C2301BF0D8BB}.Debug|Any CPU.ActiveCfg = Debug|Any CPU
		{B17F73F8-472B-4383-B069-C2301BF0D8BB}.Debug|Any CPU.Build.0 = Debug|Any CPU
		{B17F73F8-472B-4383-B069-C2301BF0D8BB}.Release|Any CPU.ActiveCfg = Release|Any CPU
		{B17F73F8-472B-4383-B069-C2301BF0D8BB}.Release|Any CPU.Build.0 = Release|Any CPU
		{48D27032-D255-4B21-8040-4E442E4A93A9}.Debug|Any CPU.ActiveCfg = Debug|Any CPU
		{48D27032-D255-4B21-8040-4E442E4A93A9}.Debug|Any CPU.Build.0 = Debug|Any CPU
		{48D27032-D255-4B21-8040-4E442E4A93A9}.Release|Any CPU.ActiveCfg = Release|Any CPU
		{48D27032-D255-4B21-8040-4E442E4A93A9}.Release|Any CPU.Build.0 = Release|Any CPU
		{D321AE63-541D-43B7-A963-DC123CA25E3D}.Debug|Any CPU.ActiveCfg = Debug|Any CPU
		{D321AE63-541D-43B7-A963-DC123CA25E3D}.Debug|Any CPU.Build.0 = Debug|Any CPU
		{D321AE63-541D-43B7-A963-DC123CA25E3D}.Release|Any CPU.ActiveCfg = Release|Any CPU
		{D321AE63-541D-43B7-A963-DC123CA25E3D}.Release|Any CPU.Build.0 = Release|Any CPU
		{071C11E1-E66B-490F-A4C4-B4BC5D05A62F}.Debug|Any CPU.ActiveCfg = Debug|Any CPU
		{071C11E1-E66B-490F-A4C4-B4BC5D05A62F}.Debug|Any CPU.Build.0 = Debug|Any CPU
		{071C11E1-E66B-490F-A4C4-B4BC5D05A62F}.Release|Any CPU.ActiveCfg = Release|Any CPU
		{071C11E1-E66B-490F-A4C4-B4BC5D05A62F}.Release|Any CPU.Build.0 = Release|Any CPU
		{29919E0D-1619-4EE1-AC4F-3DC574FCFA86}.Debug|Any CPU.ActiveCfg = Debug|Any CPU
		{29919E0D-1619-4EE1-AC4F-3DC574FCFA86}.Debug|Any CPU.Build.0 = Debug|Any CPU
		{29919E0D-1619-4EE1-AC4F-3DC574FCFA86}.Release|Any CPU.ActiveCfg = Release|Any CPU
		{29919E0D-1619-4EE1-AC4F-3DC574FCFA86}.Release|Any CPU.Build.0 = Release|Any CPU
		{6D3FBD63-A381-445B-A269-043A45AB4861}.Debug|Any CPU.ActiveCfg = Debug|Any CPU
		{6D3FBD63-A381-445B-A269-043A45AB4861}.Debug|Any CPU.Build.0 = Debug|Any CPU
		{6D3FBD63-A381-445B-A269-043A45AB4861}.Release|Any CPU.ActiveCfg = Release|Any CPU
		{6D3FBD63-A381-445B-A269-043A45AB4861}.Release|Any CPU.Build.0 = Release|Any CPU
		{7E0AFC34-50A9-4742-8785-3E53F9C18277}.Debug|Any CPU.ActiveCfg = Debug|Any CPU
		{7E0AFC34-50A9-4742-8785-3E53F9C18277}.Debug|Any CPU.Build.0 = Debug|Any CPU
		{7E0AFC34-50A9-4742-8785-3E53F9C18277}.Release|Any CPU.ActiveCfg = Release|Any CPU
		{7E0AFC34-50A9-4742-8785-3E53F9C18277}.Release|Any CPU.Build.0 = Release|Any CPU
		{967B2BB6-2820-4BDF-A3B1-4F184AD6B110}.Debug|Any CPU.ActiveCfg = Debug|Any CPU
		{967B2BB6-2820-4BDF-A3B1-4F184AD6B110}.Debug|Any CPU.Build.0 = Debug|Any CPU
		{967B2BB6-2820-4BDF-A3B1-4F184AD6B110}.Release|Any CPU.ActiveCfg = Release|Any CPU
		{967B2BB6-2820-4BDF-A3B1-4F184AD6B110}.Release|Any CPU.Build.0 = Release|Any CPU
		{36F06F65-47FE-4FDE-BC48-204C89875057}.Debug|Any CPU.ActiveCfg = Debug|Any CPU
		{36F06F65-47FE-4FDE-BC48-204C89875057}.Debug|Any CPU.Build.0 = Debug|Any CPU
		{36F06F65-47FE-4FDE-BC48-204C89875057}.Release|Any CPU.ActiveCfg = Release|Any CPU
		{36F06F65-47FE-4FDE-BC48-204C89875057}.Release|Any CPU.Build.0 = Release|Any CPU
		{2E1553AC-E305-4894-8B73-C6B3D3D25570}.Debug|Any CPU.ActiveCfg = Debug|Any CPU
		{2E1553AC-E305-4894-8B73-C6B3D3D25570}.Debug|Any CPU.Build.0 = Debug|Any CPU
		{2E1553AC-E305-4894-8B73-C6B3D3D25570}.Release|Any CPU.ActiveCfg = Release|Any CPU
		{2E1553AC-E305-4894-8B73-C6B3D3D25570}.Release|Any CPU.Build.0 = Release|Any CPU
		{5EDC5C2F-4C0D-4B0E-8C25-31DACA651BAC}.Debug|Any CPU.ActiveCfg = Debug|Any CPU
		{5EDC5C2F-4C0D-4B0E-8C25-31DACA651BAC}.Debug|Any CPU.Build.0 = Debug|Any CPU
		{5EDC5C2F-4C0D-4B0E-8C25-31DACA651BAC}.Release|Any CPU.ActiveCfg = Release|Any CPU
		{5EDC5C2F-4C0D-4B0E-8C25-31DACA651BAC}.Release|Any CPU.Build.0 = Release|Any CPU
		{48947C5F-A290-466D-AA5D-BB6EFD1DDD91}.Debug|Any CPU.ActiveCfg = Debug|Any CPU
		{48947C5F-A290-466D-AA5D-BB6EFD1DDD91}.Debug|Any CPU.Build.0 = Debug|Any CPU
		{48947C5F-A290-466D-AA5D-BB6EFD1DDD91}.Release|Any CPU.ActiveCfg = Release|Any CPU
		{48947C5F-A290-466D-AA5D-BB6EFD1DDD91}.Release|Any CPU.Build.0 = Release|Any CPU
		{66770942-1657-4BA3-A7F9-44190715C229}.Debug|Any CPU.ActiveCfg = Debug|Any CPU
		{66770942-1657-4BA3-A7F9-44190715C229}.Debug|Any CPU.Build.0 = Debug|Any CPU
		{66770942-1657-4BA3-A7F9-44190715C229}.Release|Any CPU.ActiveCfg = Release|Any CPU
		{66770942-1657-4BA3-A7F9-44190715C229}.Release|Any CPU.Build.0 = Release|Any CPU
		{BB275793-3278-4B49-AEEA-1CBD0C60B99F}.Debug|Any CPU.ActiveCfg = Debug|Any CPU
		{BB275793-3278-4B49-AEEA-1CBD0C60B99F}.Debug|Any CPU.Build.0 = Debug|Any CPU
		{BB275793-3278-4B49-AEEA-1CBD0C60B99F}.Release|Any CPU.ActiveCfg = Release|Any CPU
		{BB275793-3278-4B49-AEEA-1CBD0C60B99F}.Release|Any CPU.Build.0 = Release|Any CPU
		{B2574566-3F20-470D-AEE7-AD1CFBFDA239}.Debug|Any CPU.ActiveCfg = Debug|Any CPU
		{B2574566-3F20-470D-AEE7-AD1CFBFDA239}.Debug|Any CPU.Build.0 = Debug|Any CPU
		{B2574566-3F20-470D-AEE7-AD1CFBFDA239}.Release|Any CPU.ActiveCfg = Release|Any CPU
		{B2574566-3F20-470D-AEE7-AD1CFBFDA239}.Release|Any CPU.Build.0 = Release|Any CPU
		{4F8918BB-0943-4B37-9022-DC36A7E4AA60}.Debug|Any CPU.ActiveCfg = Debug|Any CPU
		{4F8918BB-0943-4B37-9022-DC36A7E4AA60}.Debug|Any CPU.Build.0 = Debug|Any CPU
		{4F8918BB-0943-4B37-9022-DC36A7E4AA60}.Release|Any CPU.ActiveCfg = Release|Any CPU
		{4F8918BB-0943-4B37-9022-DC36A7E4AA60}.Release|Any CPU.Build.0 = Release|Any CPU
		{ED714AF8-254E-4B5B-9611-B97B88F8CF04}.Debug|Any CPU.ActiveCfg = Debug|Any CPU
		{ED714AF8-254E-4B5B-9611-B97B88F8CF04}.Debug|Any CPU.Build.0 = Debug|Any CPU
		{ED714AF8-254E-4B5B-9611-B97B88F8CF04}.Release|Any CPU.ActiveCfg = Release|Any CPU
		{ED714AF8-254E-4B5B-9611-B97B88F8CF04}.Release|Any CPU.Build.0 = Release|Any CPU
		{DE0E2090-FEF3-4A2C-AEE5-C04C1C0AF94C}.Debug|Any CPU.ActiveCfg = Debug|Any CPU
		{DE0E2090-FEF3-4A2C-AEE5-C04C1C0AF94C}.Debug|Any CPU.Build.0 = Debug|Any CPU
		{DE0E2090-FEF3-4A2C-AEE5-C04C1C0AF94C}.Release|Any CPU.ActiveCfg = Release|Any CPU
		{DE0E2090-FEF3-4A2C-AEE5-C04C1C0AF94C}.Release|Any CPU.Build.0 = Release|Any CPU
		{7DDAFF67-5ED7-4602-A706-FC0C470FE2AC}.Debug|Any CPU.ActiveCfg = Debug|Any CPU
		{7DDAFF67-5ED7-4602-A706-FC0C470FE2AC}.Debug|Any CPU.Build.0 = Debug|Any CPU
		{7DDAFF67-5ED7-4602-A706-FC0C470FE2AC}.Release|Any CPU.ActiveCfg = Release|Any CPU
		{7DDAFF67-5ED7-4602-A706-FC0C470FE2AC}.Release|Any CPU.Build.0 = Release|Any CPU
		{0763F70E-56D7-461E-AD8E-BF046BD9F474}.Debug|Any CPU.ActiveCfg = Debug|Any CPU
		{0763F70E-56D7-461E-AD8E-BF046BD9F474}.Debug|Any CPU.Build.0 = Debug|Any CPU
		{0763F70E-56D7-461E-AD8E-BF046BD9F474}.Release|Any CPU.ActiveCfg = Release|Any CPU
		{0763F70E-56D7-461E-AD8E-BF046BD9F474}.Release|Any CPU.Build.0 = Release|Any CPU
		{9404DD4E-72A6-4D98-A037-6DFCF2D3EA1F}.Debug|Any CPU.ActiveCfg = Debug|Any CPU
		{9404DD4E-72A6-4D98-A037-6DFCF2D3EA1F}.Debug|Any CPU.Build.0 = Debug|Any CPU
		{9404DD4E-72A6-4D98-A037-6DFCF2D3EA1F}.Release|Any CPU.ActiveCfg = Release|Any CPU
		{9404DD4E-72A6-4D98-A037-6DFCF2D3EA1F}.Release|Any CPU.Build.0 = Release|Any CPU
		{AA5FFD2D-9D6A-48B1-B5BD-A85511A4A7D7}.Debug|Any CPU.ActiveCfg = Debug|Any CPU
		{AA5FFD2D-9D6A-48B1-B5BD-A85511A4A7D7}.Debug|Any CPU.Build.0 = Debug|Any CPU
		{AA5FFD2D-9D6A-48B1-B5BD-A85511A4A7D7}.Release|Any CPU.ActiveCfg = Release|Any CPU
		{AA5FFD2D-9D6A-48B1-B5BD-A85511A4A7D7}.Release|Any CPU.Build.0 = Release|Any CPU
		{7DB866DF-E40E-4068-957B-211E01E1BE7C}.Debug|Any CPU.ActiveCfg = Debug|Any CPU
		{7DB866DF-E40E-4068-957B-211E01E1BE7C}.Debug|Any CPU.Build.0 = Debug|Any CPU
		{7DB866DF-E40E-4068-957B-211E01E1BE7C}.Release|Any CPU.ActiveCfg = Release|Any CPU
		{7DB866DF-E40E-4068-957B-211E01E1BE7C}.Release|Any CPU.Build.0 = Release|Any CPU
		{39EB581D-B335-4C27-8BFC-63638BF8288C}.Debug|Any CPU.ActiveCfg = Debug|Any CPU
		{39EB581D-B335-4C27-8BFC-63638BF8288C}.Debug|Any CPU.Build.0 = Debug|Any CPU
		{39EB581D-B335-4C27-8BFC-63638BF8288C}.Release|Any CPU.ActiveCfg = Release|Any CPU
		{39EB581D-B335-4C27-8BFC-63638BF8288C}.Release|Any CPU.Build.0 = Release|Any CPU
		{CCB96F90-0D5F-4D64-A48D-44DED77039A6}.Debug|Any CPU.ActiveCfg = Debug|Any CPU
		{CCB96F90-0D5F-4D64-A48D-44DED77039A6}.Debug|Any CPU.Build.0 = Debug|Any CPU
		{CCB96F90-0D5F-4D64-A48D-44DED77039A6}.Release|Any CPU.ActiveCfg = Release|Any CPU
		{CCB96F90-0D5F-4D64-A48D-44DED77039A6}.Release|Any CPU.Build.0 = Release|Any CPU
		{E198B243-7FFC-4A48-AE5F-FC3AEAC7A04B}.Debug|Any CPU.ActiveCfg = Debug|Any CPU
		{E198B243-7FFC-4A48-AE5F-FC3AEAC7A04B}.Debug|Any CPU.Build.0 = Debug|Any CPU
		{E198B243-7FFC-4A48-AE5F-FC3AEAC7A04B}.Release|Any CPU.ActiveCfg = Release|Any CPU
		{E198B243-7FFC-4A48-AE5F-FC3AEAC7A04B}.Release|Any CPU.Build.0 = Release|Any CPU
		{F30E5392-11C6-4F93-9AC6-F1D01F16EA2E}.Debug|Any CPU.ActiveCfg = Debug|Any CPU
		{F30E5392-11C6-4F93-9AC6-F1D01F16EA2E}.Debug|Any CPU.Build.0 = Debug|Any CPU
		{F30E5392-11C6-4F93-9AC6-F1D01F16EA2E}.Release|Any CPU.ActiveCfg = Release|Any CPU
		{F30E5392-11C6-4F93-9AC6-F1D01F16EA2E}.Release|Any CPU.Build.0 = Release|Any CPU
		{2224BB3C-6074-4029-93DB-0A0955DC2BCB}.Debug|Any CPU.ActiveCfg = Debug|Any CPU
		{2224BB3C-6074-4029-93DB-0A0955DC2BCB}.Debug|Any CPU.Build.0 = Debug|Any CPU
		{2224BB3C-6074-4029-93DB-0A0955DC2BCB}.Release|Any CPU.ActiveCfg = Release|Any CPU
		{2224BB3C-6074-4029-93DB-0A0955DC2BCB}.Release|Any CPU.Build.0 = Release|Any CPU
		{90D8E3D8-989F-446A-A6B9-57ED16645EF8}.Debug|Any CPU.ActiveCfg = Debug|Any CPU
		{90D8E3D8-989F-446A-A6B9-57ED16645EF8}.Debug|Any CPU.Build.0 = Debug|Any CPU
		{90D8E3D8-989F-446A-A6B9-57ED16645EF8}.Release|Any CPU.ActiveCfg = Release|Any CPU
		{90D8E3D8-989F-446A-A6B9-57ED16645EF8}.Release|Any CPU.Build.0 = Release|Any CPU
		{BDA19890-FA28-4E2B-8F2D-8BF181A28EAB}.Debug|Any CPU.ActiveCfg = Debug|Any CPU
		{BDA19890-FA28-4E2B-8F2D-8BF181A28EAB}.Debug|Any CPU.Build.0 = Debug|Any CPU
		{BDA19890-FA28-4E2B-8F2D-8BF181A28EAB}.Release|Any CPU.ActiveCfg = Release|Any CPU
		{BDA19890-FA28-4E2B-8F2D-8BF181A28EAB}.Release|Any CPU.Build.0 = Release|Any CPU
	EndGlobalSection
	GlobalSection(SolutionProperties) = preSolution
		HideSolutionNode = FALSE
	EndGlobalSection
	GlobalSection(NestedProjects) = preSolution
		{B41B64E2-BF46-4EE3-9CE3-977DC1D8BADC} = {D2529453-80C3-4F06-BBD0-6B58EF65EF99}
		{FDA19544-D97E-431D-A1DC-B75F43AB7137} = {A0556478-3601-4EE6-94DA-62EC721B5A28}
		{AA7B453D-0AAF-40B9-AD98-72F0868425D8} = {850B3E2C-6172-4CF9-9E83-AD0997C57CA3}
		{FB8C562D-72DA-408C-A1E3-255FC023E241} = {D2529453-80C3-4F06-BBD0-6B58EF65EF99}
		{586120E6-C79E-446B-AEC0-737C966DA3DD} = {850B3E2C-6172-4CF9-9E83-AD0997C57CA3}
		{3052CA9F-77CF-4531-8837-36D5FE6D3AE1} = {850B3E2C-6172-4CF9-9E83-AD0997C57CA3}
		{B16D7E9C-DAB2-47A5-87FE-4D41CAFBB9DE} = {850B3E2C-6172-4CF9-9E83-AD0997C57CA3}
		{51852027-FC73-4ABE-9DAA-73DEAD3FD233} = {D2529453-80C3-4F06-BBD0-6B58EF65EF99}
		{D0CAF2C0-5DBD-4A86-9C78-899362EC37C1} = {850B3E2C-6172-4CF9-9E83-AD0997C57CA3}
		{A0B7B6F5-F883-40EA-BC5E-2BB7A1E8361A} = {D2529453-80C3-4F06-BBD0-6B58EF65EF99}
		{449ED69E-30AA-4DC5-B33D-0C0597EC17A1} = {D2529453-80C3-4F06-BBD0-6B58EF65EF99}
		{F8D9BC7D-41AB-4897-B02B-2DE4D9013BC8} = {D2529453-80C3-4F06-BBD0-6B58EF65EF99}
		{DA7F5CCD-FD89-4127-8819-943DADB74B3A} = {850B3E2C-6172-4CF9-9E83-AD0997C57CA3}
		{6FBA81AF-D433-4D01-8148-82B4B4EEB703} = {D2529453-80C3-4F06-BBD0-6B58EF65EF99}
		{E6D3F233-7CB8-4B1C-9260-61CDB0D4C913} = {850B3E2C-6172-4CF9-9E83-AD0997C57CA3}
		{A75E7820-3ADF-42E9-9E46-7BE3B2404301} = {213BD173-3521-4B26-9272-CF13E046B249}
		{7F12E7DA-F504-4E46-8A45-DE35D44BEADF} = {D2529453-80C3-4F06-BBD0-6B58EF65EF99}
		{A97BE4B0-BCE6-446F-AF6B-65156A1320B4} = {D2529453-80C3-4F06-BBD0-6B58EF65EF99}
		{FFD42339-72A9-4B20-A0BF-40D0E1ABB34A} = {850B3E2C-6172-4CF9-9E83-AD0997C57CA3}
		{7555AAAA-DC3D-4AED-A2AF-477102403E52} = {850B3E2C-6172-4CF9-9E83-AD0997C57CA3}
		{721E4250-A2ED-416C-BA4B-6E084192D684} = {D2529453-80C3-4F06-BBD0-6B58EF65EF99}
		{69F69015-86CF-42FE-B08B-ADE98E53CF74} = {D2529453-80C3-4F06-BBD0-6B58EF65EF99}
		{35D6D30E-EE39-4322-A8A5-20A1569937C3} = {D2529453-80C3-4F06-BBD0-6B58EF65EF99}
		{F8BA840C-A58D-4631-9AB8-00E33610AFC9} = {D2529453-80C3-4F06-BBD0-6B58EF65EF99}
		{B4450416-C69C-439F-8927-052AC0E7521E} = {D2529453-80C3-4F06-BBD0-6B58EF65EF99}
		{2E4C81A1-0A19-4BE4-A90B-32B870D381E1} = {850B3E2C-6172-4CF9-9E83-AD0997C57CA3}
		{52651B80-5317-47F3-BA23-6F8153D66D62} = {D2529453-80C3-4F06-BBD0-6B58EF65EF99}
		{E7835FD2-BFD0-432B-A1A7-9AECA1BA89B1} = {850B3E2C-6172-4CF9-9E83-AD0997C57CA3}
		{8660E364-DD1E-4ACE-9846-54BA8AF73670} = {D2529453-80C3-4F06-BBD0-6B58EF65EF99}
		{B17F73F8-472B-4383-B069-C2301BF0D8BB} = {D2529453-80C3-4F06-BBD0-6B58EF65EF99}
		{48D27032-D255-4B21-8040-4E442E4A93A9} = {D2529453-80C3-4F06-BBD0-6B58EF65EF99}
		{D321AE63-541D-43B7-A963-DC123CA25E3D} = {850B3E2C-6172-4CF9-9E83-AD0997C57CA3}
		{071C11E1-E66B-490F-A4C4-B4BC5D05A62F} = {D2529453-80C3-4F06-BBD0-6B58EF65EF99}
		{29919E0D-1619-4EE1-AC4F-3DC574FCFA86} = {D2529453-80C3-4F06-BBD0-6B58EF65EF99}
		{6D3FBD63-A381-445B-A269-043A45AB4861} = {D2529453-80C3-4F06-BBD0-6B58EF65EF99}
		{7E0AFC34-50A9-4742-8785-3E53F9C18277} = {850B3E2C-6172-4CF9-9E83-AD0997C57CA3}
		{967B2BB6-2820-4BDF-A3B1-4F184AD6B110} = {850B3E2C-6172-4CF9-9E83-AD0997C57CA3}
		{36F06F65-47FE-4FDE-BC48-204C89875057} = {D2529453-80C3-4F06-BBD0-6B58EF65EF99}
		{2E1553AC-E305-4894-8B73-C6B3D3D25570} = {D2529453-80C3-4F06-BBD0-6B58EF65EF99}
		{5EDC5C2F-4C0D-4B0E-8C25-31DACA651BAC} = {D2529453-80C3-4F06-BBD0-6B58EF65EF99}
		{48947C5F-A290-466D-AA5D-BB6EFD1DDD91} = {D2529453-80C3-4F06-BBD0-6B58EF65EF99}
		{66770942-1657-4BA3-A7F9-44190715C229} = {D2529453-80C3-4F06-BBD0-6B58EF65EF99}
		{BB275793-3278-4B49-AEEA-1CBD0C60B99F} = {850B3E2C-6172-4CF9-9E83-AD0997C57CA3}
		{B2574566-3F20-470D-AEE7-AD1CFBFDA239} = {D2529453-80C3-4F06-BBD0-6B58EF65EF99}
		{4F8918BB-0943-4B37-9022-DC36A7E4AA60} = {850B3E2C-6172-4CF9-9E83-AD0997C57CA3}
		{ED714AF8-254E-4B5B-9611-B97B88F8CF04} = {D2529453-80C3-4F06-BBD0-6B58EF65EF99}
		{DE0E2090-FEF3-4A2C-AEE5-C04C1C0AF94C} = {850B3E2C-6172-4CF9-9E83-AD0997C57CA3}
		{7DDAFF67-5ED7-4602-A706-FC0C470FE2AC} = {D2529453-80C3-4F06-BBD0-6B58EF65EF99}
		{0763F70E-56D7-461E-AD8E-BF046BD9F474} = {D2529453-80C3-4F06-BBD0-6B58EF65EF99}
		{9404DD4E-72A6-4D98-A037-6DFCF2D3EA1F} = {850B3E2C-6172-4CF9-9E83-AD0997C57CA3}
		{AA5FFD2D-9D6A-48B1-B5BD-A85511A4A7D7} = {850B3E2C-6172-4CF9-9E83-AD0997C57CA3}
		{7DB866DF-E40E-4068-957B-211E01E1BE7C} = {D2529453-80C3-4F06-BBD0-6B58EF65EF99}
		{39EB581D-B335-4C27-8BFC-63638BF8288C} = {D2529453-80C3-4F06-BBD0-6B58EF65EF99}
		{CCB96F90-0D5F-4D64-A48D-44DED77039A6} = {850B3E2C-6172-4CF9-9E83-AD0997C57CA3}
		{E198B243-7FFC-4A48-AE5F-FC3AEAC7A04B} = {850B3E2C-6172-4CF9-9E83-AD0997C57CA3}
		{F30E5392-11C6-4F93-9AC6-F1D01F16EA2E} = {D2529453-80C3-4F06-BBD0-6B58EF65EF99}
		{2224BB3C-6074-4029-93DB-0A0955DC2BCB} = {850B3E2C-6172-4CF9-9E83-AD0997C57CA3}
		{90D8E3D8-989F-446A-A6B9-57ED16645EF8} = {D2529453-80C3-4F06-BBD0-6B58EF65EF99}
		{BDA19890-FA28-4E2B-8F2D-8BF181A28EAB} = {850B3E2C-6172-4CF9-9E83-AD0997C57CA3}
	EndGlobalSection
	GlobalSection(ExtensibilityGlobals) = postSolution
		SolutionGuid = {3D3BE91A-3636-45E3-A6BF-8C09D5A9782A}
	EndGlobalSection
EndGlobal
